
Microsoft Visual Studio Solution File, Format Version 12.00
# Visual Studio Version 16
VisualStudioVersion = 16.0.32630.194
MinimumVisualStudioVersion = 10.0.40219.1
Project("{FAE04EC0-301F-11D3-BF4B-00C04F79EFBC}") = "Vector", "Vector\Vector.csproj", "{2E7B8734-887F-4EC8-8CE5-17BA99657E40}"
EndProject
Global
	GlobalSection(SolutionConfigurationPlatforms) = preSolution
		Debug|Any CPU = Debug|Any CPU
		Release|Any CPU = Release|Any CPU
	EndGlobalSection
	GlobalSection(ProjectConfigurationPlatforms) = postSolution
		{2E7B8734-887F-4EC8-8CE5-17BA99657E40}.Debug|Any CPU.ActiveCfg = Debug|Any CPU
		{2E7B8734-887F-4EC8-8CE5-17BA99657E40}.Debug|Any CPU.Build.0 = Debug|Any CPU
		{2E7B8734-887F-4EC8-8CE5-17BA99657E40}.Release|Any CPU.ActiveCfg = Release|Any CPU
		{2E7B8734-887F-4EC8-8CE5-17BA99657E40}.Release|Any CPU.Build.0 = Release|Any CPU
	EndGlobalSection
	GlobalSection(SolutionProperties) = preSolution
		HideSolutionNode = FALSE
	EndGlobalSection
	GlobalSection(ExtensibilityGlobals) = postSolution
		SolutionGuid = {9287BCA7-6CAE-4EBF-8D48-65BC69FAC00A}
	EndGlobalSection
EndGlobal
